[[package]]
category = "main"
description = "Bash tab completion for argparse"
name = "argcomplete"
optional = false
python-versions = "*"
version = "1.10.0"

[[package]]
category = "main"
description = "Screen-scraping library"
name = "beautifulsoup4"
optional = false
python-versions = "*"
version = "4.8.0"

[package.dependencies]
soupsieve = ">=1.2"

[[package]]
category = "main"
description = "Python package for providing Mozilla's CA Bundle."
name = "certifi"
optional = false
python-versions = "*"
version = "2019.9.11"

[[package]]
category = "main"
description = "Universal encoding detector for Python 2 and 3"
name = "chardet"
optional = false
python-versions = "*"
version = "3.0.4"

[[package]]
category = "main"
description = "Composable command line interface toolkit"
name = "click"
optional = false
python-versions = ">=2.7, !=3.0.*, !=3.1.*, !=3.2.*, !=3.3.*"
version = "7.0"

[[package]]
category = "main"
description = "Use Database URLs in your Django Application."
name = "dj-database-url"
optional = false
python-versions = "*"
version = "0.5.0"

[[package]]
category = "main"
description = "A high-level Python Web framework that encourages rapid development and clean, pragmatic design."
name = "django"
optional = false
python-versions = ">=3.5"
version = "2.2.7"

[package.dependencies]
pytz = "*"
sqlparse = "*"

[[package]]
category = "main"
description = "A pure python-based utility to extract text and images from docx files."
name = "docx2txt"
optional = false
python-versions = "*"
version = "0.8"

[[package]]
category = "main"
description = "Ebook library which can handle EPUB2/EPUB3 and Kindle format"
name = "ebooklib"
optional = false
python-versions = "*"
version = "0.17.1"

[package.dependencies]
lxml = "*"
six = "*"

[[package]]
category = "main"
description = "Discover and load entry points from installed packages."
name = "entrypoints"
optional = false
python-versions = ">=2.7"
version = "0.3"

[[package]]
category = "main"
description = "Extracts emails and attachments saved in Microsoft Outlook's .msg files"
name = "extract-msg"
optional = false
python-versions = "*"
version = "0.23.1"

[package.dependencies]
imapclient = "2.1.0"
olefile = "0.46"
tzlocal = "1.5.1"

[[package]]
category = "main"
description = "the modular source code checker: pep8, pyflakes and co"
name = "flake8"
optional = false
python-versions = ">=2.7, !=3.0.*, !=3.1.*, !=3.2.*, !=3.3.*"
version = "3.7.9"

[package.dependencies]
entrypoints = ">=0.3.0,<0.4.0"
mccabe = ">=0.6.0,<0.7.0"
pycodestyle = ">=2.5.0,<2.6.0"
pyflakes = ">=2.1.0,<2.2.0"

[[package]]
category = "main"
description = "Internationalized Domain Names in Applications (IDNA)"
name = "idna"
optional = false
python-versions = ">=2.7, !=3.0.*, !=3.1.*, !=3.2.*, !=3.3.*"
version = "2.8"

[[package]]
category = "main"
description = "Easy-to-use, Pythonic and complete IMAP client library"
name = "imapclient"
optional = false
python-versions = "*"
version = "2.1.0"

[package.dependencies]
six = "*"

[[package]]
category = "main"
description = "Powerful and Pythonic XML processing library combining libxml2/libxslt with the ElementTree API."
name = "lxml"
optional = false
python-versions = ">=2.7, !=3.0.*, !=3.1.*, !=3.2.*, !=3.3.*, != 3.4.*"
version = "4.4.1"

[[package]]
category = "main"
description = "McCabe checker, plugin for flake8"
name = "mccabe"
optional = false
python-versions = "*"
version = "0.6.1"

[[package]]
category = "main"
description = "Python package to parse, read and write Microsoft OLE2 files (Structured Storage or Compound Document, Microsoft Office)"
name = "olefile"
optional = false
python-versions = ">=2.7, !=3.0.*, !=3.1.*, !=3.2.*, !=3.3.*"
version = "0.46"

[[package]]
category = "main"
description = "python opencivicdata library"
name = "opencivicdata"
optional = false
python-versions = "*"
version = "2.4.0"

[package.dependencies]
Django = ">=1.11"
psycopg2-binary = "*"
six = "*"

[[package]]
category = "main"
description = "PDF parser and analyzer"
name = "pdfminer.six"
optional = false
python-versions = "*"
version = "20181108"

[package.dependencies]
pycryptodome = "*"
six = "*"
sortedcontainers = "*"

[[package]]
category = "main"
description = "Python Imaging Library (Fork)"
name = "pillow"
optional = false
python-versions = ">=2.7, !=3.0.*, !=3.1.*, !=3.2.*, !=3.3.*, !=3.4.*"
version = "6.2.1"

[[package]]
category = "main"
description = "psycopg2 - Python-PostgreSQL Database Adapter"
name = "psycopg2-binary"
optional = false
python-versions = ">=2.7,!=3.0.*,!=3.1.*,!=3.2.*,!=3.3.*"
version = "2.8.4"

[[package]]
category = "main"
description = "Python style guide checker"
name = "pycodestyle"
optional = false
python-versions = ">=2.7, !=3.0.*, !=3.1.*, !=3.2.*, !=3.3.*"
version = "2.5.0"

[[package]]
category = "main"
description = "Cryptographic library for Python"
name = "pycryptodome"
optional = false
python-versions = ">=2.6, !=3.0.*, !=3.1.*, !=3.2.*, !=3.3.*"
version = "3.9.4"

[[package]]
category = "main"
description = "passive checker of Python programs"
name = "pyflakes"
optional = false
python-versions = ">=2.7, !=3.0.*, !=3.1.*, !=3.2.*, !=3.3.*"
version = "2.1.1"

[[package]]
category = "main"
description = "Generate and manipulate Open XML PowerPoint (.pptx) files"
name = "python-pptx"
optional = false
python-versions = "*"
version = "0.6.18"

[package.dependencies]
Pillow = ">=3.3.2"
XlsxWriter = ">=0.5.7"
lxml = ">=3.1.0"

[[package]]
category = "main"
description = "World timezone definitions, modern and historical"
name = "pytz"
optional = false
python-versions = "*"
version = "2019.3"

[[package]]
category = "main"
description = "Python HTTP for Humans."
name = "requests"
optional = false
python-versions = ">=2.7, !=3.0.*, !=3.1.*, !=3.2.*, !=3.3.*, !=3.4.*"
version = "2.22.0"

[package.dependencies]
certifi = ">=2017.4.17"
chardet = ">=3.0.2,<3.1.0"
idna = ">=2.5,<2.9"
urllib3 = ">=1.21.1,<1.25.0 || >1.25.0,<1.25.1 || >1.25.1,<1.26"

[[package]]
category = "main"
description = "a library for scraping things"
name = "scrapelib"
optional = false
python-versions = "*"
version = "1.2.0"

[package.dependencies]
requests = ">=2"

[[package]]
category = "main"
description = "Python 2 and 3 compatibility utilities"
name = "six"
optional = false
python-versions = ">=2.6, !=3.0.*, !=3.1.*"
version = "1.12.0"

[[package]]
category = "main"
description = "Sorted Containers -- Sorted List, Sorted Dict, Sorted Set"
name = "sortedcontainers"
optional = false
python-versions = "*"
version = "2.1.0"

[[package]]
category = "main"
description = "A modern CSS selector implementation for Beautiful Soup."
name = "soupsieve"
optional = false
python-versions = "*"
version = "1.9.5"

[[package]]
category = "main"
description = "Library for performing speech recognition, with support for several engines and APIs, online and offline."
name = "speechrecognition"
optional = false
python-versions = "*"
version = "3.8.1"

[[package]]
category = "main"
description = "Non-validating SQL parser"
name = "sqlparse"
optional = false
python-versions = ">=2.7, !=3.0.*, !=3.1.*, !=3.2.*, !=3.3.*"
version = "0.3.0"

[[package]]
category = "main"
description = "extract text from any document. no muss. no fuss."
name = "textract"
optional = false
python-versions = "*"
version = "1.6.3"

[package.dependencies]
EbookLib = "0.17.1"
SpeechRecognition = "3.8.1"
argcomplete = "1.10.0"
beautifulsoup4 = "4.8.0"
chardet = "3.0.4"
docx2txt = "0.8"
extract-msg = "0.23.1"
"pdfminer.six" = "20181108"
python-pptx = "0.6.18"
six = "1.12.0"
xlrd = "1.2.0"

[[package]]
category = "main"
description = "tzinfo object for the local timezone"
name = "tzlocal"
optional = false
python-versions = "*"
version = "1.5.1"

[package.dependencies]
pytz = "*"

[[package]]
category = "main"
description = "HTTP library with thread-safe connection pooling, file post, and more."
name = "urllib3"
optional = false
python-versions = ">=2.7, !=3.0.*, !=3.1.*, !=3.2.*, !=3.3.*, <4"
version = "1.25.7"

[[package]]
category = "main"
description = "Library for developers to extract data from Microsoft Excel (tm) spreadsheet files"
name = "xlrd"
optional = false
python-versions = ">=2.7, !=3.0.*, !=3.1.*, !=3.2.*, !=3.3.*"
version = "1.2.0"

[[package]]
category = "main"
description = "A Python module for creating Excel XLSX files."
name = "xlsxwriter"
optional = false
python-versions = "*"
version = "1.2.6"

[metadata]
content-hash = "ed2ecf5daab1f58f6c2c0fc4af714866f47b049ab9e390a39d75d0ffe65283ea"
python-versions = "^3.7"

[metadata.hashes]
argcomplete = ["2f2052ea5156eb5cc7edce9c0ddc937e30c49c1097d51b24f34350a08632a264", "45836de8cc63d2f6e06b898cef1e4ce1e9907d246ec77ac8e64f23f153d6bec1"]
beautifulsoup4 = ["05668158c7b85b791c5abde53e50265e16f98ad601c402ba44d70f96c4159612", "25288c9e176f354bf277c0a10aa96c782a6a18a17122dba2e8cec4a97e03343b", "f040590be10520f2ea4c2ae8c3dae441c7cfff5308ec9d58a0ec0c1b8f81d469"]
certifi = ["e4f3620cfea4f83eedc95b24abd9cd56f3c4b146dd0177e83a21b4eb49e21e50", "fd7c7c74727ddcf00e9acd26bba8da604ffec95bf1c2144e67aff7a8b50e6cef"]
chardet = ["84ab92ed1c4d4f16916e05906b6b75a6c0fb5db821cc65e70cbd64a3e2a5eaae", "fc323ffcaeaed0e0a02bf4d117757b98aed530d9ed4531e3e15460124c106691"]
click = ["2335065e6395b9e67ca716de5f7526736bfa6ceead690adf616d925bdc622b13", "5b94b49521f6456670fdb30cd82a4eca9412788a93fa6dd6df72c94d5a8ff2d7"]
dj-database-url = ["4aeaeb1f573c74835b0686a2b46b85990571159ffc21aa57ecd4d1e1cb334163", "851785365761ebe4994a921b433062309eb882fedd318e1b0fcecc607ed02da9"]
django = ["16040e1288c6c9f68c6da2fe75ebde83c0a158f6f5d54f4c5177b0c1478c5b86", "89c2007ca4fa5b351a51a279eccff298520783b713bf28efb89dfb81c80ea49b"]
docx2txt = ["2c06d98d7cfe2d3947e5760a57d924e3ff07745b379c8737723922e7009236e5"]
ebooklib = ["fe23e22c28050196c68db3e7b13b257bf39426d927cb395c6f2cc13ac11327f1"]
entrypoints = ["589f874b313739ad35be6e0cd7efde2a4e9b6fea91edcc34e58ecbb8dbe56d19", "c70dd71abe5a8c85e55e12c19bd91ccfeec11a6e99044204511f9ed547d48451"]
extract-msg = ["0e733743d4b5b7ca62265d1477d4b99f03e44f3202fa53ee97d54f5b2c75b1b3", "3746d5f68266740575ef9097516f39c5f601fa031e188cea338a13b66de16ada"]
flake8 = ["45681a117ecc81e870cbf1262835ae4af5e7a8b08e40b944a8a6e6b895914cfb", "49356e766643ad15072a789a20915d3c91dc89fd313ccd71802303fd67e4deca"]
idna = ["c357b3f628cf53ae2c4c05627ecc484553142ca23264e593d327bcde5e9c3407", "ea8b7f6188e6fa117537c3df7da9fc686d485087abf6ac197f9c46432f7e4a3c"]
imapclient = ["3eeb97b9aa8faab0caa5024d74bfde59408fbd542781246f6960873c7bf0dd01", "60ba79758cc9f13ec910d7a3df9acaaf2bb6c458720d9a02ec33a41352fd1b99"]
lxml = ["02ca7bf899da57084041bb0f6095333e4d239948ad3169443f454add9f4e9cb4", "096b82c5e0ea27ce9138bcbb205313343ee66a6e132f25c5ed67e2c8d960a1bc", "0a920ff98cf1aac310470c644bc23b326402d3ef667ddafecb024e1713d485f1", "1409b14bf83a7d729f92e2a7fbfe7ec929d4883ca071b06e95c539ceedb6497c", "17cae1730a782858a6e2758fd20dd0ef7567916c47757b694a06ffafdec20046", "17e3950add54c882e032527795c625929613adbd2ce5162b94667334458b5a36", "1f4f214337f6ee5825bf90a65d04d70aab05526c08191ab888cb5149501923c5", "2e8f77db25b0a96af679e64ff9bf9dddb27d379c9900c3272f3041c4d1327c9d", "4dffd405390a45ecb95ab5ab1c1b847553c18b0ef8ed01e10c1c8b1a76452916", "6b899931a5648862c7b88c795eddff7588fb585e81cecce20f8d9da16eff96e0", "726c17f3e0d7a7200718c9a890ccfeab391c9133e363a577a44717c85c71db27", "760c12276fee05c36f95f8040180abc7fbebb9e5011447a97cdc289b5d6ab6fc", "796685d3969815a633827c818863ee199440696b0961e200b011d79b9394bbe7", "891fe897b49abb7db470c55664b198b1095e4943b9f82b7dcab317a19116cd38", "9277562f175d2334744ad297568677056861070399cec56ff06abbe2564d1232", "a471628e20f03dcdfde00770eeaf9c77811f0c331c8805219ca7b87ac17576c5", "a63b4fd3e2cabdcc9d918ed280bdde3e8e9641e04f3c59a2a3109644a07b9832", "ae88588d687bd476be588010cbbe551e9c2872b816f2da8f01f6f1fda74e1ef0", "b0b84408d4eabc6de9dd1e1e0bc63e7731e890c0b378a62443e5741cfd0ae90a", "be78485e5d5f3684e875dab60f40cddace2f5b2a8f7fede412358ab3214c3a6f", "c27eaed872185f047bb7f7da2d21a7d8913457678c9a100a50db6da890bc28b9", "c7fccd08b14aa437fe096c71c645c0f9be0655a9b1a4b7cffc77bcb23b3d61d2", "c81cb40bff373ab7a7446d6bbca0190bccc5be3448b47b51d729e37799bb5692", "d11874b3c33ee441059464711cd365b89fa1a9cf19ae75b0c189b01fbf735b84", "e9c028b5897901361d81a4718d1db217b716424a0283afe9d6735fe0caf70f79", "fe489d486cd00b739be826e8c1be188ddb74c7a1ca784d93d06fda882a6a1681"]
mccabe = ["ab8a6258860da4b6677da4bd2fe5dc2c659cff31b3ee4f7f5d64e79735b80d42", "dd8d182285a0fe56bace7f45b5e7d1a6ebcbf524e8f3bd87eb0f125271b8831f"]
olefile = ["133b031eaf8fd2c9399b78b8bc5b8fcbe4c31e85295749bb17a87cba8f3c3964"]
opencivicdata = ["547f1798886cc497894d8fddaf88bd413c51aac9187ffee7adc7f0054b6eec53", "cbb909b369530a26f64b5181cdc223dd379e9fb0c57a6021bfd8490398842c01"]
"pdfminer.six" = ["9cc58857cf0a360213008061d903282462abee55cdcc7e0b6e08d6834e55050d", "d12653375fcc00615d76dbd48fc551a2d5ffd6f572c11660d417ccf91a600f9b", "f04d029d1d3e58c87da51bdefef2e9a1dbf2d7b63f727dd2a3e36054f5ae96ea"]
pillow = ["047d9473cf68af50ac85f8ee5d5f21a60f849bc17d348da7fc85711287a75031", "0f66dc6c8a3cc319561a633b6aa82c44107f12594643efa37210d8c924fc1c71", "12c9169c4e8fe0a7329e8658c7e488001f6b4c8e88740e76292c2b857af2e94c", "248cffc168896982f125f5c13e9317c059f74fffdb4152893339f3be62a01340", "27faf0552bf8c260a5cee21a76e031acaea68babb64daf7e8f2e2540745082aa", "285edafad9bc60d96978ed24d77cdc0b91dace88e5da8c548ba5937c425bca8b", "384b12c9aa8ef95558abdcb50aada56d74bc7cc131dd62d28c2d0e4d3aadd573", "38950b3a707f6cef09cd3cbb142474357ad1a985ceb44d921bdf7b4647b3e13e", "4aad1b88933fd6dc2846552b89ad0c74ddbba2f0884e2c162aa368374bf5abab", "4ac6148008c169603070c092e81f88738f1a0c511e07bd2bb0f9ef542d375da9", "4deb1d2a45861ae6f0b12ea0a786a03d19d29edcc7e05775b85ec2877cb54c5e", "59aa2c124df72cc75ed72c8d6005c442d4685691a30c55321e00ed915ad1a291", "5a47d2123a9ec86660fe0e8d0ebf0aa6bc6a17edc63f338b73ea20ba11713f12", "5cc901c2ab9409b4b7ac7b5bcc3e86ac14548627062463da0af3b6b7c555a871", "6c1db03e8dff7b9f955a0fb9907eb9ca5da75b5ce056c0c93d33100a35050281", "7ce80c0a65a6ea90ef9c1f63c8593fcd2929448613fc8da0adf3e6bfad669d08", "809c19241c14433c5d6135e1b6c72da4e3b56d5c865ad5736ab99af8896b8f41", "83792cb4e0b5af480588601467c0764242b9a483caea71ef12d22a0d0d6bdce2", "846fa202bd7ee0f6215c897a1d33238ef071b50766339186687bd9b7a6d26ac5", "9f5529fc02009f96ba95bea48870173426879dc19eec49ca8e08cd63ecd82ddb", "a423c2ea001c6265ed28700df056f75e26215fd28c001e93ef4380b0f05f9547", "ac4428094b42907aba5879c7c000d01c8278d451a3b7cccd2103e21f6397ea75", "b1ae48d87f10d1384e5beecd169c77502fcc04a2c00a4c02b85f0a94b419e5f9", "bf4e972a88f8841d8fdc6db1a75e0f8d763e66e3754b03006cbc3854d89f1cb1", "c6414f6aad598364aaf81068cabb077894eb88fed99c6a65e6e8217bab62ae7a", "c710fcb7ee32f67baf25aa9ffede4795fd5d93b163ce95fdc724383e38c9df96", "c7be4b8a09852291c3c48d3c25d1b876d2494a0a674980089ac9d5e0d78bd132", "c9e5ffb910b14f090ac9c38599063e354887a5f6d7e6d26795e916b4514f2c1a", "e0697b826da6c2472bb6488db4c0a7fa8af0d52fa08833ceb3681358914b14e5", "e9a3edd5f714229d41057d56ac0f39ad9bdba6767e8c888c951869f0bdd129b0"]
psycopg2-binary = ["040234f8a4a8dfd692662a8308d78f63f31a97e1c42d2480e5e6810c48966a29", "086f7e89ec85a6704db51f68f0dcae432eff9300809723a6e8782c41c2f48e03", "18ca813fdb17bc1db73fe61b196b05dd1ca2165b884dd5ec5568877cabf9b039", "19dc39616850342a2a6db70559af55b22955f86667b5f652f40c0e99253d9881", "2166e770cb98f02ed5ee2b0b569d40db26788e0bf2ec3ae1a0d864ea6f1d8309", "3a2522b1d9178575acee4adf8fd9f979f9c0449b00b4164bb63c3475ea6528ed", "3aa773580f85a28ffdf6f862e59cb5a3cc7ef6885121f2de3fca8d6ada4dbf3b", "3b5deaa3ee7180585a296af33e14c9b18c218d148e735c7accf78130765a47e3", "407af6d7e46593415f216c7f56ba087a9a42bd6dc2ecb86028760aa45b802bd7", "4c3c09fb674401f630626310bcaf6cd6285daf0d5e4c26d6e55ca26a2734e39b", "4c6717962247445b4f9e21c962ea61d2e884fc17df5ddf5e35863b016f8a1f03", "50446fae5681fc99f87e505d4e77c9407e683ab60c555ec302f9ac9bffa61103", "5057669b6a66aa9ca118a2a860159f0ee3acf837eda937bdd2a64f3431361a2d", "5dd90c5438b4f935c9d01fcbad3620253da89d19c1f5fca9158646407ed7df35", "659c815b5b8e2a55193ede2795c1e2349b8011497310bb936da7d4745652823b", "69b13fdf12878b10dc6003acc8d0abf3ad93e79813fd5f3812497c1c9fb9be49", "7a1cb80e35e1ccea3e11a48afe65d38744a0e0bde88795cc56a4d05b6e4f9d70", "7e6e3c52e6732c219c07bd97fff6c088f8df4dae3b79752ee3a817e6f32e177e", "7f42a8490c4fe854325504ce7a6e4796b207960dabb2cbafe3c3959cb00d1d7e", "84156313f258eafff716b2961644a4483a9be44a5d43551d554844d15d4d224e", "8578d6b8192e4c805e85f187bc530d0f52ba86c39172e61cd51f68fddd648103", "890167d5091279a27e2505ff0e1fb273f8c48c41d35c5b92adbf4af80e6b2ed6", "9aadff9032e967865f9778485571e93908d27dab21d0fdfdec0ca779bb6f8ad9", "9f24f383a298a0c0f9b3113b982e21751a8ecde6615494a3f1470eb4a9d70e9e", "a73021b44813b5c84eda4a3af5826dd72356a900bac9bd9dd1f0f81ee1c22c2f", "afd96845e12638d2c44d213d4810a08f4dc4a563f9a98204b7428e567014b1cd", "b73ddf033d8cd4cc9dfed6324b1ad2a89ba52c410ef6877998422fcb9c23e3a8", "dbc5cd56fff1a6152ca59445178652756f4e509f672e49ccdf3d79c1043113a4", "eac8a3499754790187bb00574ab980df13e754777d346f85e0ff6df929bcd964", "eaed1c65f461a959284649e37b5051224f4db6ebdc84e40b5e65f2986f101a08"]
pycodestyle = ["95a2219d12372f05704562a14ec30bc76b05a5b297b21a5dfe3f6fac3491ae56", "e40a936c9a450ad81df37f549d676d127b1b66000a6c500caa2b085bc0ca976c"]
pycryptodome = ["042ae873baadd0c33b4d699a5c5b976ade3233a979d972f98ca82314632d868c", "0502876279772b1384b660ccc91563d04490d562799d8e2e06b411e2d81128a9", "2de33ed0a95855735d5a0fc0c39603314df9e78ee8bbf0baa9692fb46b3b8bbb", "319e568baf86620b419d53063b18c216abf924875966efdfe06891b987196a45", "4372ec7518727172e1605c0843cdc5375d4771e447b8148c787b860260aae151", "48821950ffb9c836858d8fa09d7840b6df52eadd387a3c5acece55cb387743f9", "4b9533d4166ca07abdd49ce9d516666b1df944997fe135d4b21ac376aa624aff", "54456cf85130e01674d21fb1ab89ffccacb138a8ade88d72fa2b0ac898d2798b", "56fdd0e425f1b8fd3a00b6d96351f86226674974814c50534864d0124d48871f", "57b1b707363490c495ad0eeb38bd1b0e1697c497af25fad78d3a1ebf0477fd5b", "5c485ed6e9718ebcaa81138fa70ace9c563d202b56a8cee119b4085b023931f5", "63c103a22cbe9752f6ea9f1a0de129995bad91c4d03a66c67cffcf6ee0c9f1e1", "68fab8455efcbfe87c5d75015476f9b606227ffe244d57bfd66269451706e899", "6c2720696b10ae356040e888bde1239b8957fe18885ccf5e7b4e8dec882f0856", "72166c2ac520a5dbd2d90208b9c279161ec0861662a621892bd52fb6ca13ab91", "7c52308ac5b834331b2f107a490b2c27de024a229b61df4cdc5c131d563dfe98", "87d8d85b4792ca5e730fb7a519fbc3ed976c59dcf79c5204589c59afd56b9926", "896e9b6fd0762aa07b203c993fbbee7a1f1a4674c6886afd7bfa86f3d1be98a8", "8a799bea3c6617736e914a2e77c409f52893d382f619f088f8a80e2e21f573c1", "9d9945ac8375d5d8e60bd2a2e1df5882eaa315522eedf3ca868b1546dfa34eba", "9ef966c727de942de3e41aa8462c4b7b4bca70f19af5a3f99e31376589c11aac", "a168e73879619b467072509a223282a02c8047d932a48b74fbd498f27224aa04", "a30f501bbb32e01a49ef9e09ca1260e5ab49bf33a257080ec553e08997acc487", "a8ca2450394d3699c9f15ef25e8de9a24b401933716a1e39d37fa01f5fe3c58b", "aec4d42deb836b8fb3ba32f2ba1ef0d33dd3dc9d430b1479ee7a914490d15b5e", "b4af098f2a50f8d048ab12cabb59456585c0acf43d90ee79782d2d6d0ed59dba", "b55c60c321ac91945c60a40ac9896ac7a3d432bb3e8c14006dfd82ad5871c331", "c53348358408d94869059e16fba5ff3bef8c52c25b18421472aba272b9bb450f", "cbfd97f9e060f0d30245cd29fa267a9a84de9da97559366fca0a3f7655acc63f", "d3fe3f33ad52bf0c19ee6344b695ba44ffbfa16f3c29ca61116b48d97bd970fb", "e3a79a30d15d9c7c284a7734036ee8abdb5ca3a6f5774d293cdc9e1358c1dc10", "eec0689509389f19875f66ae8dedd59f982240cdab31b9f78a8dc266011df93a"]
pyflakes = ["17dbeb2e3f4d772725c777fabc446d5634d1038f234e77343108ce445ea69ce0", "d976835886f8c5b31d47970ed689944a0262b5f3afa00a5a7b4dc81e5449f8a2"]
python-pptx = ["a857d69e52d7e8a8fb32fca8182fdd4a3c68c689de8d4e4460e9b4a95efa7bc4"]
pytz = ["1c557d7d0e871de1f5ccd5833f60fb2550652da6be2693c1e02300743d21500d", "b02c06db6cf09c12dd25137e563b31700d3b80fcc4ad23abb7a315f2789819be"]
requests = ["11e007a8a2aa0323f5a921e9e6a2d7e4e67d9877e85773fba9ba6419025cbeb4", "9cf5292fcd0f598c671cfc1e0d7d1a7f13bb8085e9a590f48c010551dc6c4b31"]
scrapelib = ["1984cb3e1c72eab9130c2cb7c4b17dcff08992bd4c829d59e6d48fcf7c4f7b16", "9a30f1404f3473488e1b9af99824316d4c79a94cc39e99e1f9c331a7fae15e8d"]
six = ["3350809f0555b11f552448330d0b52d5f24c91a322ea4a15ef22629740f3761c", "d16a0141ec1a18405cd4ce8b4613101da75da0e9a7aec5bdd4fa804d0e0eba73"]
sortedcontainers = ["974e9a32f56b17c1bac2aebd9dcf197f3eb9cd30553c5852a3187ad162e1a03a", "d9e96492dd51fae31e60837736b38fe42a187b5404c16606ff7ee7cd582d4c60"]
soupsieve = ["bdb0d917b03a1369ce964056fc195cfdff8819c40de04695a80bc813c3cfa1f5", "e2c1c5dee4a1c36bcb790e0fabd5492d874b8ebd4617622c4f6a731701060dda"]
speechrecognition = ["4d8f73a0c05ec70331c3bacaa89ecc06dfa8d9aba0899276664cda06ab597e8e"]
sqlparse = ["40afe6b8d4b1117e7dff5504d7a8ce07d9a1b15aeeade8a2d10f130a834f8177", "7c3dca29c022744e95b547e867cee89f4fce4373f3549ccd8797d8eb52cdb873"]
textract = ["6213b2f923b85af8e5e380241db9361e3f5dbd444a74108745fd4121ae151310", "ff2f4c61d720d3291e2deb870d3b24d0c63397cb4c094966e96c1bdb2f89df38"]
tzlocal = ["4ebeb848845ac898da6519b9b31879cf13b6626f7184c496037b818e238f2c4e"]
urllib3 = ["a8a318824cc77d1fd4b2bec2ded92646630d7fe8619497b142c84a9e6f5a7293", "f3c5fd51747d450d4dcf6f923c81f78f811aab8205fda64b0aba34a4e48b0745"]
xlrd = ["546eb36cee8db40c3eaa46c351e67ffee6eeb5fa2650b71bc4c758a29a1b29b2", "e551fb498759fa3a5384a94ccd4c3c02eb7c00ea424426e212ac0c57be9dfbde"]
xlsxwriter = ["027fa3d22ccfb5da5d77c29ed740aece286a9a6cc101b564f2f7ca11eb1d490b", "5d480cee5babf3865227d5c81269d96be8e87914fc96403ca6fa1b1e4f64c080"]
