# This file is automatically @generated by Poetry 1.7.1 and should not be changed by hand.

[[package]]
name = "attr"
version = "0.3.2"
description = "Simple decorator to set attributes of target function or class in a DRY way."
optional = false
python-versions = "*"
files = [
    {file = "attr-0.3.2-py2.py3-none-any.whl", hash = "sha256:4f4bffeea8c27387bde446675a7ac24f3b8fea1075f12d849b5f5c5181fc8336"},
    {file = "attr-0.3.2.tar.gz", hash = "sha256:1ceebca768181cdcce9827611b1d728e592be5d293911539ea3d0b0bfa1146f4"},
]

[[package]]
name = "attrs"
version = "24.2.0"
description = "Classes Without Boilerplate"
optional = false
python-versions = ">=3.7"
files = [
    {file = "attrs-24.2.0-py3-none-any.whl", hash = "sha256:81921eb96de3191c8258c199618104dd27ac608d9366f5e35d011eae1867ede2"},
    {file = "attrs-24.2.0.tar.gz", hash = "sha256:5cfb1b9148b5b086569baec03f20d7b6bf3bcacc9a42bebf87ffaaca362f6346"},
]

[package.extras]
benchmark = ["cloudpickle", "hypothesis", "mypy (>=1.11.1)", "pympler", "pytest (>=4.3.0)", "pytest-codspeed", "pytest-mypy-plugins", "pytest-xdist[psutil]"]
cov = ["cloudpickle", "coverage[toml] (>=5.3)", "hypothesis", "mypy (>=1.11.1)", "pympler", "pytest (>=4.3.0)", "pytest-mypy-plugins", "pytest-xdist[psutil]"]
dev = ["cloudpickle", "hypothesis", "mypy (>=1.11.1)", "pre-commit", "pympler", "pytest (>=4.3.0)", "pytest-mypy-plugins", "pytest-xdist[psutil]"]
docs = ["cogapp", "furo", "myst-parser", "sphinx", "sphinx-notfound-page", "sphinxcontrib-towncrier", "towncrier (<24.7)"]
tests = ["cloudpickle", "hypothesis", "mypy (>=1.11.1)", "pympler", "pytest (>=4.3.0)", "pytest-mypy-plugins", "pytest-xdist[psutil]"]
tests-mypy = ["mypy (>=1.11.1)", "pytest-mypy-plugins"]

[metadata]
lock-version = "2.0"
python-versions = "^3.9"
content-hash = "73e06d79bc6e2c0b2c3ad93b8862a707f5331b207abc804788b894f59f46e1fa"
